
Microsoft Visual Studio Solution File, Format Version 12.00
# Visual Studio 15
VisualStudioVersion = 15.0.27703.2000
MinimumVisualStudioVersion = 10.0.40219.1
Project("{FAE04EC0-301F-11D3-BF4B-00C04F79EFBC}") = "SalesWebMvc", "SalesWebMvc\SalesWebMvc.csproj", "{EA23076B-5340-47B9-8E42-3DF581673CE2}"
EndProject
Global
	GlobalSection(SolutionConfigurationPlatforms) = preSolution
		Debug|Any CPU = Debug|Any CPU
		Release|Any CPU = Release|Any CPU
	EndGlobalSection
	GlobalSection(ProjectConfigurationPlatforms) = postSolution
		{EA23076B-5340-47B9-8E42-3DF581673CE2}.Debug|Any CPU.ActiveCfg = Debug|Any CPU
		{EA23076B-5340-47B9-8E42-3DF581673CE2}.Debug|Any CPU.Build.0 = Debug|Any CPU
		{EA23076B-5340-47B9-8E42-3DF581673CE2}.Release|Any CPU.ActiveCfg = Release|Any CPU
		{EA23076B-5340-47B9-8E42-3DF581673CE2}.Release|Any CPU.Build.0 = Release|Any CPU
	EndGlobalSection
	GlobalSection(SolutionProperties) = preSolution
		HideSolutionNode = FALSE
	EndGlobalSection
	GlobalSection(ExtensibilityGlobals) = postSolution
		SolutionGuid = {2727DE23-C572-4B27-827A-1D89CA5E1AD5}
	EndGlobalSection
EndGlobal
